
Microsoft Visual Studio Solution File, Format Version 12.00
# Visual Studio Version 17
VisualStudioVersion = 17.5.002.0
MinimumVisualStudioVersion = 10.0.40219.1
Project("{9A19103F-16F7-4668-BE54-9A1E7A4F7556}") = "BlazorCalendarTest.BlazorAuto", "BlazorCalendarTest.BlazorAuto\BlazorCalendarTest.BlazorAuto.csproj", "{A77ABBEA-EA9D-4371-B9DA-E0992BD08AA8}"
EndProject
Project("{9A19103F-16F7-4668-BE54-9A1E7A4F7556}") = "BlazorCalendarTest.BlazorAuto.Client", "BlazorCalendarTest.BlazorAuto.Client\BlazorCalendarTest.BlazorAuto.Client.csproj", "{BD61D95C-1A23-4B18-94A6-604E1721EEC8}"
EndProject
Global
	GlobalSection(SolutionConfigurationPlatforms) = preSolution
		Debug|Any CPU = Debug|Any CPU
		Release|Any CPU = Release|Any CPU
	EndGlobalSection
	GlobalSection(ProjectConfigurationPlatforms) = postSolution
		{A77ABBEA-EA9D-4371-B9DA-E0992BD08AA8}.Debug|Any CPU.ActiveCfg = Debug|Any CPU
		{A77ABBEA-EA9D-4371-B9DA-E0992BD08AA8}.Debug|Any CPU.Build.0 = Debug|Any CPU
		{A77ABBEA-EA9D-4371-B9DA-E0992BD08AA8}.Release|Any CPU.ActiveCfg = Release|Any CPU
		{A77ABBEA-EA9D-4371-B9DA-E0992BD08AA8}.Release|Any CPU.Build.0 = Release|Any CPU
		{BD61D95C-1A23-4B18-94A6-604E1721EEC8}.Debug|Any CPU.ActiveCfg = Debug|Any CPU
		{BD61D95C-1A23-4B18-94A6-604E1721EEC8}.Debug|Any CPU.Build.0 = Debug|Any CPU
		{BD61D95C-1A23-4B18-94A6-604E1721EEC8}.Release|Any CPU.ActiveCfg = Release|Any CPU
		{BD61D95C-1A23-4B18-94A6-604E1721EEC8}.Release|Any CPU.Build.0 = Release|Any CPU
	EndGlobalSection
	GlobalSection(SolutionProperties) = preSolution
		HideSolutionNode = FALSE
	EndGlobalSection
	GlobalSection(ExtensibilityGlobals) = postSolution
		SolutionGuid = {FCED109D-BA08-4BFC-A269-2C40B318D951}
	EndGlobalSection
EndGlobal
